// !$*UTF8*$!
{
	archiveVersion = 1;
	classes = {
	};
	objectVersion = 46;
	objects = {

/* Begin PBXBuildFile section */
		88E44D6F1AF18364006F1A28 /* main.m in Sources */ = {isa = PBXBuildFile; fileRef = 88E44D6E1AF18364006F1A28 /* main.m */; };
		88E44D781AF18364006F1A28 /* Main.storyboard in Resources */ = {isa = PBXBuildFile; fileRef = 88E44D761AF18364006F1A28 /* Main.storyboard */; };
		88E44D7A1AF18364006F1A28 /* Images.xcassets in Resources */ = {isa = PBXBuildFile; fileRef = 88E44D791AF18364006F1A28 /* Images.xcassets */; };
		88E44D7D1AF18364006F1A28 /* LaunchScreen.xib in Resources */ = {isa = PBXBuildFile; fileRef = 88E44D7B1AF18364006F1A28 /* LaunchScreen.xib */; };
		88E44D891AF18364006F1A28 /* Wigwamm_FindTests.m in Sources */ = {isa = PBXBuildFile; fileRef = 88E44D881AF18364006F1A28 /* Wigwamm_FindTests.m */; };
		88E44DB21AF1940F006F1A28 /* AppDelegate.m in Sources */ = {isa = PBXBuildFile; fileRef = 88E44DA81AF1940F006F1A28 /* AppDelegate.m */; };
		88E44DB31AF1940F006F1A28 /* UIColor+Wigwamm.m in Sources */ = {isa = PBXBuildFile; fileRef = 88E44DAB1AF1940F006F1A28 /* UIColor+Wigwamm.m */; };
		88E44DB41AF1940F006F1A28 /* WIGHomeViewController.m in Sources */ = {isa = PBXBuildFile; fileRef = 88E44DAE1AF1940F006F1A28 /* WIGHomeViewController.m */; };
		88E44DB51AF1940F006F1A28 /* WIGPricingViewController.m in Sources */ = {isa = PBXBuildFile; fileRef = 88E44DB01AF1940F006F1A28 /* WIGPricingViewController.m */; };
		88E44DBA1AF19471006F1A28 /* WIGPricingTableViewCell.m in Sources */ = {isa = PBXBuildFile; fileRef = 88E44DB81AF19471006F1A28 /* WIGPricingTableViewCell.m */; };
		88E44DBB1AF19471006F1A28 /* WIGPricingTableViewCell.xib in Resources */ = {isa = PBXBuildFile; fileRef = 88E44DB91AF19471006F1A28 /* WIGPricingTableViewCell.xib */; };
		88E44DC11AF1A122006F1A28 /* WIGNavigationBar.m in Sources */ = {isa = PBXBuildFile; fileRef = 88E44DC01AF1A122006F1A28 /* WIGNavigationBar.m */; };
		88E44DC41AF1A235006F1A28 /* UINavigationBar+Wigwamm.m in Sources */ = {isa = PBXBuildFile; fileRef = 88E44DC31AF1A235006F1A28 /* UINavigationBar+Wigwamm.m */; };
/* End PBXBuildFile section */

/* Begin PBXContainerItemProxy section */
		88E44D831AF18364006F1A28 /* PBXContainerItemProxy */ = {
			isa = PBXContainerItemProxy;
			containerPortal = 88E44D611AF18364006F1A28 /* Project object */;
			proxyType = 1;
			remoteGlobalIDString = 88E44D681AF18364006F1A28;
			remoteInfo = "Wigwamm Find";
		};
/* End PBXContainerItemProxy section */

/* Begin PBXFileReference section */
		88E44D691AF18364006F1A28 /* Wigwamm Find.app */ = {isa = PBXFileReference; explicitFileType = wrapper.application; includeInIndex = 0; path = "Wigwamm Find.app"; sourceTree = BUILT_PRODUCTS_DIR; };
		88E44D6D1AF18364006F1A28 /* Info.plist */ = {isa = PBXFileReference; lastKnownFileType = text.plist.xml; path = Info.plist; sourceTree = "<group>"; };
		88E44D6E1AF18364006F1A28 /* main.m */ = {isa = PBXFileReference; lastKnownFileType = sourcecode.c.objc; path = main.m; sourceTree = "<group>"; };
		88E44D771AF18364006F1A28 /* Base */ = {isa = PBXFileReference; lastKnownFileType = file.storyboard; name = Base; path = Base.lproj/Main.storyboard; sourceTree = "<group>"; };
		88E44D791AF18364006F1A28 /* Images.xcassets */ = {isa = PBXFileReference; lastKnownFileType = folder.assetcatalog; path = Images.xcassets; sourceTree = "<group>"; };
		88E44D7C1AF18364006F1A28 /* Base */ = {isa = PBXFileReference; lastKnownFileType = file.xib; name = Base; path = Base.lproj/LaunchScreen.xib; sourceTree = "<group>"; };
		88E44D821AF18364006F1A28 /* Wigwamm FindTests.xctest */ = {isa = PBXFileReference; explicitFileType = wrapper.cfbundle; includeInIndex = 0; path = "Wigwamm FindTests.xctest"; sourceTree = BUILT_PRODUCTS_DIR; };
		88E44D871AF18364006F1A28 /* Info.plist */ = {isa = PBXFileReference; lastKnownFileType = text.plist.xml; path = Info.plist; sourceTree = "<group>"; };
		88E44D881AF18364006F1A28 /* Wigwamm_FindTests.m */ = {isa = PBXFileReference; lastKnownFileType = sourcecode.c.objc; path = Wigwamm_FindTests.m; sourceTree = "<group>"; };
		88E44DA71AF1940F006F1A28 /* AppDelegate.h */ = {isa = PBXFileReference; fileEncoding = 4; lastKnownFileType = sourcecode.c.h; path = AppDelegate.h; sourceTree = "<group>"; };
		88E44DA81AF1940F006F1A28 /* AppDelegate.m */ = {isa = PBXFileReference; fileEncoding = 4; lastKnownFileType = sourcecode.c.objc; path = AppDelegate.m; sourceTree = "<group>"; };
		88E44DAA1AF1940F006F1A28 /* UIColor+Wigwamm.h */ = {isa = PBXFileReference; fileEncoding = 4; lastKnownFileType = sourcecode.c.h; path = "UIColor+Wigwamm.h"; sourceTree = "<group>"; };
		88E44DAB1AF1940F006F1A28 /* UIColor+Wigwamm.m */ = {isa = PBXFileReference; fileEncoding = 4; lastKnownFileType = sourcecode.c.objc; path = "UIColor+Wigwamm.m"; sourceTree = "<group>"; };
		88E44DAD1AF1940F006F1A28 /* WIGHomeViewController.h */ = {isa = PBXFileReference; fileEncoding = 4; lastKnownFileType = sourcecode.c.h; path = WIGHomeViewController.h; sourceTree = "<group>"; };
		88E44DAE1AF1940F006F1A28 /* WIGHomeViewController.m */ = {isa = PBXFileReference; fileEncoding = 4; lastKnownFileType = sourcecode.c.objc; path = WIGHomeViewController.m; sourceTree = "<group>"; };
		88E44DAF1AF1940F006F1A28 /* WIGPricingViewController.h */ = {isa = PBXFileReference; fileEncoding = 4; lastKnownFileType = sourcecode.c.h; path = WIGPricingViewController.h; sourceTree = "<group>"; };
		88E44DB01AF1940F006F1A28 /* WIGPricingViewController.m */ = {isa = PBXFileReference; fileEncoding = 4; lastKnownFileType = sourcecode.c.objc; path = WIGPricingViewController.m; sourceTree = "<group>"; };
		88E44DB71AF19471006F1A28 /* WIGPricingTableViewCell.h */ = {isa = PBXFileReference; fileEncoding = 4; lastKnownFileType = sourcecode.c.h; path = WIGPricingTableViewCell.h; sourceTree = "<group>"; };
		88E44DB81AF19471006F1A28 /* WIGPricingTableViewCell.m */ = {isa = PBXFileReference; fileEncoding = 4; lastKnownFileType = sourcecode.c.objc; path = WIGPricingTableViewCell.m; sourceTree = "<group>"; };
		88E44DB91AF19471006F1A28 /* WIGPricingTableViewCell.xib */ = {isa = PBXFileReference; fileEncoding = 4; lastKnownFileType = file.xib; path = WIGPricingTableViewCell.xib; sourceTree = "<group>"; };
		88E44DBF1AF1A122006F1A28 /* WIGNavigationBar.h */ = {isa = PBXFileReference; fileEncoding = 4; lastKnownFileType = sourcecode.c.h; path = WIGNavigationBar.h; sourceTree = "<group>"; };
		88E44DC01AF1A122006F1A28 /* WIGNavigationBar.m */ = {isa = PBXFileReference; fileEncoding = 4; lastKnownFileType = sourcecode.c.objc; path = WIGNavigationBar.m; sourceTree = "<group>"; };
		88E44DC21AF1A235006F1A28 /* UINavigationBar+Wigwamm.h */ = {isa = PBXFileReference; fileEncoding = 4; lastKnownFileType = sourcecode.c.h; path = "UINavigationBar+Wigwamm.h"; sourceTree = "<group>"; };
		88E44DC31AF1A235006F1A28 /* UINavigationBar+Wigwamm.m */ = {isa = PBXFileReference; fileEncoding = 4; lastKnownFileType = sourcecode.c.objc; path = "UINavigationBar+Wigwamm.m"; sourceTree = "<group>"; };
/* End PBXFileReference section */

/* Begin PBXFrameworksBuildPhase section */
		88E44D661AF18364006F1A28 /* Frameworks */ = {
			isa = PBXFrameworksBuildPhase;
			buildActionMask = 2147483647;
			files = (
			);
			runOnlyForDeploymentPostprocessing = 0;
		};
		88E44D7F1AF18364006F1A28 /* Frameworks */ = {
			isa = PBXFrameworksBuildPhase;
			buildActionMask = 2147483647;
			files = (
			);
			runOnlyForDeploymentPostprocessing = 0;
		};
/* End PBXFrameworksBuildPhase section */

/* Begin PBXGroup section */
		88E44D601AF18364006F1A28 = {
			isa = PBXGroup;
			children = (
				88E44D6B1AF18364006F1A28 /* Wigwamm Find */,
				88E44D851AF18364006F1A28 /* Wigwamm FindTests */,
				88E44D6A1AF18364006F1A28 /* Products */,
			);
			sourceTree = "<group>";
		};
		88E44D6A1AF18364006F1A28 /* Products */ = {
			isa = PBXGroup;
			children = (
				88E44D691AF18364006F1A28 /* Wigwamm Find.app */,
				88E44D821AF18364006F1A28 /* Wigwamm FindTests.xctest */,
			);
			name = Products;
			sourceTree = "<group>";
		};
		88E44D6B1AF18364006F1A28 /* Wigwamm Find */ = {
			isa = PBXGroup;
			children = (
				88E44DA51AF1940F006F1A28 /* src */,
				88E44D761AF18364006F1A28 /* Main.storyboard */,
				88E44D7B1AF18364006F1A28 /* LaunchScreen.xib */,
				88E44D791AF18364006F1A28 /* Images.xcassets */,
				88E44D6C1AF18364006F1A28 /* Supporting Files */,
			);
			path = "Wigwamm Find";
			sourceTree = "<group>";
		};
		88E44D6C1AF18364006F1A28 /* Supporting Files */ = {
			isa = PBXGroup;
			children = (
				88E44D6D1AF18364006F1A28 /* Info.plist */,
				88E44D6E1AF18364006F1A28 /* main.m */,
			);
			name = "Supporting Files";
			sourceTree = "<group>";
		};
		88E44D851AF18364006F1A28 /* Wigwamm FindTests */ = {
			isa = PBXGroup;
			children = (
				88E44D881AF18364006F1A28 /* Wigwamm_FindTests.m */,
				88E44D861AF18364006F1A28 /* Supporting Files */,
			);
			path = "Wigwamm FindTests";
			sourceTree = "<group>";
		};
		88E44D861AF18364006F1A28 /* Supporting Files */ = {
			isa = PBXGroup;
			children = (
				88E44D871AF18364006F1A28 /* Info.plist */,
			);
			name = "Supporting Files";
			sourceTree = "<group>";
		};
		88E44DA51AF1940F006F1A28 /* src */ = {
			isa = PBXGroup;
			children = (
				88E44DA61AF1940F006F1A28 /* AppDelegate */,
				88E44DA91AF1940F006F1A28 /* Helpers */,
				88E44DAC1AF1940F006F1A28 /* ViewControllers */,
				88E44DB11AF1940F006F1A28 /* Views */,
			);
			path = src;
			sourceTree = "<group>";
		};
		88E44DA61AF1940F006F1A28 /* AppDelegate */ = {
			isa = PBXGroup;
			children = (
				88E44DA71AF1940F006F1A28 /* AppDelegate.h */,
				88E44DA81AF1940F006F1A28 /* AppDelegate.m */,
			);
			path = AppDelegate;
			sourceTree = "<group>";
		};
		88E44DA91AF1940F006F1A28 /* Helpers */ = {
			isa = PBXGroup;
			children = (
				88E44DAA1AF1940F006F1A28 /* UIColor+Wigwamm.h */,
				88E44DAB1AF1940F006F1A28 /* UIColor+Wigwamm.m */,
				88E44DBF1AF1A122006F1A28 /* WIGNavigationBar.h */,
				88E44DC01AF1A122006F1A28 /* WIGNavigationBar.m */,
				88E44DC21AF1A235006F1A28 /* UINavigationBar+Wigwamm.h */,
				88E44DC31AF1A235006F1A28 /* UINavigationBar+Wigwamm.m */,
			);
			path = Helpers;
			sourceTree = "<group>";
		};
		88E44DAC1AF1940F006F1A28 /* ViewControllers */ = {
			isa = PBXGroup;
			children = (
				88E44DAD1AF1940F006F1A28 /* WIGHomeViewController.h */,
				88E44DAE1AF1940F006F1A28 /* WIGHomeViewController.m */,
				88E44DAF1AF1940F006F1A28 /* WIGPricingViewController.h */,
				88E44DB01AF1940F006F1A28 /* WIGPricingViewController.m */,
			);
			path = ViewControllers;
			sourceTree = "<group>";
		};
		88E44DB11AF1940F006F1A28 /* Views */ = {
			isa = PBXGroup;
			children = (
				88E44DB61AF19448006F1A28 /* TableViewCells */,
			);
			path = Views;
			sourceTree = "<group>";
		};
		88E44DB61AF19448006F1A28 /* TableViewCells */ = {
			isa = PBXGroup;
			children = (
				88E44DB71AF19471006F1A28 /* WIGPricingTableViewCell.h */,
				88E44DB81AF19471006F1A28 /* WIGPricingTableViewCell.m */,
				88E44DB91AF19471006F1A28 /* WIGPricingTableViewCell.xib */,
			);
			path = TableViewCells;
			sourceTree = "<group>";
		};
/* End PBXGroup section */

/* Begin PBXNativeTarget section */
		88E44D681AF18364006F1A28 /* Wigwamm Find */ = {
			isa = PBXNativeTarget;
			buildConfigurationList = 88E44D8C1AF18364006F1A28 /* Build configuration list for PBXNativeTarget "Wigwamm Find" */;
			buildPhases = (
				88E44D651AF18364006F1A28 /* Sources */,
				88E44D661AF18364006F1A28 /* Frameworks */,
				88E44D671AF18364006F1A28 /* Resources */,
			);
			buildRules = (
			);
			dependencies = (
			);
			name = "Wigwamm Find";
			productName = "Wigwamm Find";
			productReference = 88E44D691AF18364006F1A28 /* Wigwamm Find.app */;
			productType = "com.apple.product-type.application";
		};
		88E44D811AF18364006F1A28 /* Wigwamm FindTests */ = {
			isa = PBXNativeTarget;
			buildConfigurationList = 88E44D8F1AF18364006F1A28 /* Build configuration list for PBXNativeTarget "Wigwamm FindTests" */;
			buildPhases = (
				88E44D7E1AF18364006F1A28 /* Sources */,
				88E44D7F1AF18364006F1A28 /* Frameworks */,
				88E44D801AF18364006F1A28 /* Resources */,
			);
			buildRules = (
			);
			dependencies = (
				88E44D841AF18364006F1A28 /* PBXTargetDependency */,
			);
			name = "Wigwamm FindTests";
			productName = "Wigwamm FindTests";
			productReference = 88E44D821AF18364006F1A28 /* Wigwamm FindTests.xctest */;
			productType = "com.apple.product-type.bundle.unit-test";
		};
/* End PBXNativeTarget section */

/* Begin PBXProject section */
		88E44D611AF18364006F1A28 /* Project object */ = {
			isa = PBXProject;
			attributes = {
				LastUpgradeCheck = 0630;
				ORGANIZATIONNAME = Wigwamm;
				TargetAttributes = {
					88E44D681AF18364006F1A28 = {
						CreatedOnToolsVersion = 6.3;
					};
					88E44D811AF18364006F1A28 = {
						CreatedOnToolsVersion = 6.3;
						TestTargetID = 88E44D681AF18364006F1A28;
					};
				};
			};
			buildConfigurationList = 88E44D641AF18364006F1A28 /* Build configuration list for PBXProject "Wigwamm Find" */;
			compatibilityVersion = "Xcode 3.2";
			developmentRegion = English;
			hasScannedForEncodings = 0;
			knownRegions = (
				en,
				Base,
			);
			mainGroup = 88E44D601AF18364006F1A28;
			productRefGroup = 88E44D6A1AF18364006F1A28 /* Products */;
			projectDirPath = "";
			projectRoot = "";
			targets = (
				88E44D681AF18364006F1A28 /* Wigwamm Find */,
				88E44D811AF18364006F1A28 /* Wigwamm FindTests */,
			);
		};
/* End PBXProject section */

/* Begin PBXResourcesBuildPhase section */
		88E44D671AF18364006F1A28 /* Resources */ = {
			isa = PBXResourcesBuildPhase;
			buildActionMask = 2147483647;
			files = (
				88E44D781AF18364006F1A28 /* Main.storyboard in Resources */,
				88E44D7D1AF18364006F1A28 /* LaunchScreen.xib in Resources */,
				88E44DBB1AF19471006F1A28 /* WIGPricingTableViewCell.xib in Resources */,
				88E44D7A1AF18364006F1A28 /* Images.xcassets in Resources */,
			);
			runOnlyForDeploymentPostprocessing = 0;
		};
		88E44D801AF18364006F1A28 /* Resources */ = {
			isa = PBXResourcesBuildPhase;
			buildActionMask = 2147483647;
			files = (
			);
			runOnlyForDeploymentPostprocessing = 0;
		};
/* End PBXResourcesBuildPhase section */

/* Begin PBXSourcesBuildPhase section */
		88E44D651AF18364006F1A28 /* Sources */ = {
			isa = PBXSourcesBuildPhase;
			buildActionMask = 2147483647;
			files = (
				88E44DB21AF1940F006F1A28 /* AppDelegate.m in Sources */,
				88E44DC11AF1A122006F1A28 /* WIGNavigationBar.m in Sources */,
				88E44DB41AF1940F006F1A28 /* WIGHomeViewController.m in Sources */,
				88E44DC41AF1A235006F1A28 /* UINavigationBar+Wigwamm.m in Sources */,
				88E44DBA1AF19471006F1A28 /* WIGPricingTableViewCell.m in Sources */,
				88E44DB31AF1940F006F1A28 /* UIColor+Wigwamm.m in Sources */,
				88E44DB51AF1940F006F1A28 /* WIGPricingViewController.m in Sources */,
				88E44D6F1AF18364006F1A28 /* main.m in Sources */,
			);
			runOnlyForDeploymentPostprocessing = 0;
		};
		88E44D7E1AF18364006F1A28 /* Sources */ = {
			isa = PBXSourcesBuildPhase;
			buildActionMask = 2147483647;
			files = (
				88E44D891AF18364006F1A28 /* Wigwamm_FindTests.m in Sources */,
			);
			runOnlyForDeploymentPostprocessing = 0;
		};
/* End PBXSourcesBuildPhase section */

/* Begin PBXTargetDependency section */
		88E44D841AF18364006F1A28 /* PBXTargetDependency */ = {
			isa = PBXTargetDependency;
			target = 88E44D681AF18364006F1A28 /* Wigwamm Find */;
			targetProxy = 88E44D831AF18364006F1A28 /* PBXContainerItemProxy */;
		};
/* End PBXTargetDependency section */

/* Begin PBXVariantGroup section */
		88E44D761AF18364006F1A28 /* Main.storyboard */ = {
			isa = PBXVariantGroup;
			children = (
				88E44D771AF18364006F1A28 /* Base */,
			);
			name = Main.storyboard;
			sourceTree = "<group>";
		};
		88E44D7B1AF18364006F1A28 /* LaunchScreen.xib */ = {
			isa = PBXVariantGroup;
			children = (
				88E44D7C1AF18364006F1A28 /* Base */,
			);
			name = LaunchScreen.xib;
			sourceTree = "<group>";
		};
/* End PBXVariantGroup section */

/* Begin XCBuildConfiguration section */
		88E44D8A1AF18364006F1A28 /* Debug */ = {
			isa = XCBuildConfiguration;
			buildSettings = {
				ALWAYS_SEARCH_USER_PATHS = NO;
				CLANG_CXX_LANGUAGE_STANDARD = "gnu++0x";
				CLANG_CXX_LIBRARY = "libc++";
				CLANG_ENABLE_MODULES = YES;
				CLANG_ENABLE_OBJC_ARC = YES;
				CLANG_WARN_BOOL_CONVERSION = YES;
				CLANG_WARN_CONSTANT_CONVERSION = YES;
				CLANG_WARN_DIRECT_OBJC_ISA_USAGE = YES_ERROR;
				CLANG_WARN_EMPTY_BODY = YES;
				CLANG_WARN_ENUM_CONVERSION = YES;
				CLANG_WARN_INT_CONVERSION = YES;
				CLANG_WARN_OBJC_ROOT_CLASS = YES_ERROR;
				CLANG_WARN_UNREACHABLE_CODE = YES;
				CLANG_WARN__DUPLICATE_METHOD_MATCH = YES;
				"CODE_SIGN_IDENTITY[sdk=iphoneos*]" = "iPhone Developer";
				COPY_PHASE_STRIP = NO;
				DEBUG_INFORMATION_FORMAT = "dwarf-with-dsym";
				ENABLE_STRICT_OBJC_MSGSEND = YES;
				GCC_C_LANGUAGE_STANDARD = gnu99;
				GCC_DYNAMIC_NO_PIC = NO;
				GCC_NO_COMMON_BLOCKS = YES;
				GCC_OPTIMIZATION_LEVEL = 0;
				GCC_PREPROCESSOR_DEFINITIONS = (
					"DEBUG=1",
					"$(inherited)",
				);
				GCC_SYMBOLS_PRIVATE_EXTERN = NO;
				GCC_WARN_64_TO_32_BIT_CONVERSION = YES;
				GCC_WARN_ABOUT_RETURN_TYPE = YES_ERROR;
				GCC_WARN_UNDECLARED_SELECTOR = YES;
				GCC_WARN_UNINITIALIZED_AUTOS = YES_AGGRESSIVE;
				GCC_WARN_UNUSED_FUNCTION = YES;
				GCC_WARN_UNUSED_VARIABLE = YES;
				IPHONEOS_DEPLOYMENT_TARGET = 8.3;
				MTL_ENABLE_DEBUG_INFO = YES;
				ONLY_ACTIVE_ARCH = YES;
				SDKROOT = iphoneos;
			};
			name = Debug;
		};
		88E44D8B1AF18364006F1A28 /* Release */ = {
			isa = XCBuildConfiguration;
			buildSettings = {
				ALWAYS_SEARCH_USER_PATHS = NO;
				CLANG_CXX_LANGUAGE_STANDARD = "gnu++0x";
				CLANG_CXX_LIBRARY = "libc++";
				CLANG_ENABLE_MODULES = YES;
				CLANG_ENABLE_OBJC_ARC = YES;
				CLANG_WARN_BOOL_CONVERSION = YES;
				CLANG_WARN_CONSTANT_CONVERSION = YES;
				CLANG_WARN_DIRECT_OBJC_ISA_USAGE = YES_ERROR;
				CLANG_WARN_EMPTY_BODY = YES;
				CLANG_WARN_ENUM_CONVERSION = YES;
				CLANG_WARN_INT_CONVERSION = YES;
				CLANG_WARN_OBJC_ROOT_CLASS = YES_ERROR;
				CLANG_WARN_UNREACHABLE_CODE = YES;
				CLANG_WARN__DUPLICATE_METHOD_MATCH = YES;
				"CODE_SIGN_IDENTITY[sdk=iphoneos*]" = "iPhone Developer";
				COPY_PHASE_STRIP = NO;
				DEBUG_INFORMATION_FORMAT = "dwarf-with-dsym";
				ENABLE_NS_ASSERTIONS = NO;
				ENABLE_STRICT_OBJC_MSGSEND = YES;
				GCC_C_LANGUAGE_STANDARD = gnu99;
				GCC_NO_COMMON_BLOCKS = YES;
				GCC_WARN_64_TO_32_BIT_CONVERSION = YES;
				GCC_WARN_ABOUT_RETURN_TYPE = YES_ERROR;
				GCC_WARN_UNDECLARED_SELECTOR = YES;
				GCC_WARN_UNINITIALIZED_AUTOS = YES_AGGRESSIVE;
				GCC_WARN_UNUSED_FUNCTION = YES;
				GCC_WARN_UNUSED_VARIABLE = YES;
				IPHONEOS_DEPLOYMENT_TARGET = 8.3;
				MTL_ENABLE_DEBUG_INFO = NO;
				SDKROOT = iphoneos;
				VALIDATE_PRODUCT = YES;
			};
			name = Release;
		};
		88E44D8D1AF18364006F1A28 /* Debug */ = {
			isa = XCBuildConfiguration;
			buildSettings = {
				ASSETCATALOG_COMPILER_APPICON_NAME = AppIcon;
				INFOPLIST_FILE = "Wigwamm Find/Info.plist";
				LD_RUNPATH_SEARCH_PATHS = "$(inherited) @executable_path/Frameworks";
				PRODUCT_NAME = "$(TARGET_NAME)";
			};
			name = Debug;
		};
		88E44D8E1AF18364006F1A28 /* Release */ = {
			isa = XCBuildConfiguration;
			buildSettings = {
				ASSETCATALOG_COMPILER_APPICON_NAME = AppIcon;
				INFOPLIST_FILE = "Wigwamm Find/Info.plist";
				LD_RUNPATH_SEARCH_PATHS = "$(inherited) @executable_path/Frameworks";
				PRODUCT_NAME = "$(TARGET_NAME)";
			};
			name = Release;
		};
		88E44D901AF18364006F1A28 /* Debug */ = {
			isa = XCBuildConfiguration;
			buildSettings = {
				BUNDLE_LOADER = "$(TEST_HOST)";
				FRAMEWORK_SEARCH_PATHS = (
					"$(SDKROOT)/Developer/Library/Frameworks",
					"$(inherited)",
				);
				GCC_PREPROCESSOR_DEFINITIONS = (
					"DEBUG=1",
					"$(inherited)",
				);
				INFOPLIST_FILE = "Wigwamm FindTests/Info.plist";
				LD_RUNPATH_SEARCH_PATHS = "$(inherited) @executable_path/Frameworks @loader_path/Frameworks";
				PRODUCT_NAME = "$(TARGET_NAME)";
				TEST_HOST = "$(BUILT_PRODUCTS_DIR)/Wigwamm Find.app/Wigwamm Find";
			};
			name = Debug;
		};
		88E44D911AF18364006F1A28 /* Release */ = {
			isa = XCBuildConfiguration;
			buildSettings = {
				BUNDLE_LOADER = "$(TEST_HOST)";
				FRAMEWORK_SEARCH_PATHS = (
					"$(SDKROOT)/Developer/Library/Frameworks",
					"$(inherited)",
				);
				INFOPLIST_FILE = "Wigwamm FindTests/Info.plist";
				LD_RUNPATH_SEARCH_PATHS = "$(inherited) @executable_path/Frameworks @loader_path/Frameworks";
				PRODUCT_NAME = "$(TARGET_NAME)";
				TEST_HOST = "$(BUILT_PRODUCTS_DIR)/Wigwamm Find.app/Wigwamm Find";
			};
			name = Release;
		};
/* End XCBuildConfiguration section */

/* Begin XCConfigurationList section */
		88E44D641AF18364006F1A28 /* Build configuration list for PBXProject "Wigwamm Find" */ = {
			isa = XCConfigurationList;
			buildConfigurations = (
				88E44D8A1AF18364006F1A28 /* Debug */,
				88E44D8B1AF18364006F1A28 /* Release */,
			);
			defaultConfigurationIsVisible = 0;
			defaultConfigurationName = Release;
		};
		88E44D8C1AF18364006F1A28 /* Build configuration list for PBXNativeTarget "Wigwamm Find" */ = {
			isa = XCConfigurationList;
			buildConfigurations = (
				88E44D8D1AF18364006F1A28 /* Debug */,
				88E44D8E1AF18364006F1A28 /* Release */,
			);
			defaultConfigurationIsVisible = 0;
			defaultConfigurationName = Release;
		};
		88E44D8F1AF18364006F1A28 /* Build configuration list for PBXNativeTarget "Wigwamm FindTests" */ = {
			isa = XCConfigurationList;
			buildConfigurations = (
				88E44D901AF18364006F1A28 /* Debug */,
				88E44D911AF18364006F1A28 /* Release */,
			);
			defaultConfigurationIsVisible = 0;
			defaultConfigurationName = Release;
		};
/* End XCConfigurationList section */
	};
	rootObject = 88E44D611AF18364006F1A28 /* Project object */;
}
